
Microsoft Visual Studio Solution File, Format Version 12.00
# Visual Studio 2012
Project("{FAE04EC0-301F-11D3-BF4B-00C04F79EFBC}") = "SelfHostedWcf", "SelfHostedWcf.csproj", "{15B3E0D2-6217-493A-A690-158C497F5318}"
EndProject
Project("{FAE04EC0-301F-11D3-BF4B-00C04F79EFBC}") = "SelfHostedWcfClient", "..\SelfHostedWcfClient\SelfHostedWcfClient.csproj", "{667B5587-CC38-401A-AF4A-F46B03144D3D}"
	ProjectSection(ProjectDependencies) = postProject
		{15B3E0D2-6217-493A-A690-158C497F5318} = {15B3E0D2-6217-493A-A690-158C497F5318}
	EndProjectSection
EndProject
Project("{FAE04EC0-301F-11D3-BF4B-00C04F79EFBC}") = "ThreadClientTest", "ThreadClientTest\ThreadClientTest.csproj", "{38CFCFCF-E2FC-4808-AA58-A5ABB03BBB04}"
EndProject
Global
	GlobalSection(SolutionConfigurationPlatforms) = preSolution
		Debug|Any CPU = Debug|Any CPU
		Release|Any CPU = Release|Any CPU
	EndGlobalSection
	GlobalSection(ProjectConfigurationPlatforms) = postSolution
		{15B3E0D2-6217-493A-A690-158C497F5318}.Debug|Any CPU.ActiveCfg = Debug|Any CPU
		{15B3E0D2-6217-493A-A690-158C497F5318}.Debug|Any CPU.Build.0 = Debug|Any CPU
		{15B3E0D2-6217-493A-A690-158C497F5318}.Release|Any CPU.ActiveCfg = Release|Any CPU
		{15B3E0D2-6217-493A-A690-158C497F5318}.Release|Any CPU.Build.0 = Release|Any CPU
		{667B5587-CC38-401A-AF4A-F46B03144D3D}.Debug|Any CPU.ActiveCfg = Debug|Any CPU
		{667B5587-CC38-401A-AF4A-F46B03144D3D}.Debug|Any CPU.Build.0 = Debug|Any CPU
		{667B5587-CC38-401A-AF4A-F46B03144D3D}.Release|Any CPU.ActiveCfg = Release|Any CPU
		{667B5587-CC38-401A-AF4A-F46B03144D3D}.Release|Any CPU.Build.0 = Release|Any CPU
		{38CFCFCF-E2FC-4808-AA58-A5ABB03BBB04}.Debug|Any CPU.ActiveCfg = Debug|Any CPU
		{38CFCFCF-E2FC-4808-AA58-A5ABB03BBB04}.Debug|Any CPU.Build.0 = Debug|Any CPU
		{38CFCFCF-E2FC-4808-AA58-A5ABB03BBB04}.Release|Any CPU.ActiveCfg = Release|Any CPU
		{38CFCFCF-E2FC-4808-AA58-A5ABB03BBB04}.Release|Any CPU.Build.0 = Release|Any CPU
	EndGlobalSection
	GlobalSection(SolutionProperties) = preSolution
		HideSolutionNode = FALSE
	EndGlobalSection
EndGlobal
